
Microsoft Visual Studio Solution File, Format Version 12.00
# Visual Studio 15
VisualStudioVersion = 15.0.27130.2036
MinimumVisualStudioVersion = 10.0.40219.1
Project("{FAE04EC0-301F-11D3-BF4B-00C04F79EFBC}") = "MarkdownTagHelper", "MarkdownTagHelper\MarkdownTagHelper.csproj", "{C2C27262-5705-40CE-9DD4-4D2D2DFD3DA3}"
EndProject
Global
	GlobalSection(SolutionConfigurationPlatforms) = preSolution
		Debug|Any CPU = Debug|Any CPU
		Release|Any CPU = Release|Any CPU
	EndGlobalSection
	GlobalSection(ProjectConfigurationPlatforms) = postSolution
		{C2C27262-5705-40CE-9DD4-4D2D2DFD3DA3}.Debug|Any CPU.ActiveCfg = Debug|Any CPU
		{C2C27262-5705-40CE-9DD4-4D2D2DFD3DA3}.Debug|Any CPU.Build.0 = Debug|Any CPU
		{C2C27262-5705-40CE-9DD4-4D2D2DFD3DA3}.Release|Any CPU.ActiveCfg = Release|Any CPU
		{C2C27262-5705-40CE-9DD4-4D2D2DFD3DA3}.Release|Any CPU.Build.0 = Release|Any CPU
	EndGlobalSection
	GlobalSection(SolutionProperties) = preSolution
		HideSolutionNode = FALSE
	EndGlobalSection
	GlobalSection(ExtensibilityGlobals) = postSolution
		SolutionGuid = {B0904896-17C5-41AD-AADF-053504C1EA2E}
	EndGlobalSection
EndGlobal
